{
  "nodes": {
    "ags": {
      "inputs": {
        "astal": [
          "astal"
        ],
        "nixpkgs": [
          "nixpkgs"
        ]
      },
      "locked": {
        "lastModified": 1763165251,
        "narHash": "sha256-HqprJ5e5+tLVbk3EuWnyiBkVfKTA149eHh+u2VzUrY0=",
        "owner": "aylur",
        "repo": "ags",
        "rev": "0cbca42b11d23aad8c0689fc7385e517bde94c61",
        "type": "github"
      },
      "original": {
        "owner": "aylur",
        "repo": "ags",
        "type": "github"
      }
    },
    "astal": {
      "inputs": {
        "nixpkgs": [
          "nixpkgs"
        ]
      },
      "locked": {
        "lastModified": 1762527355,
        "narHash": "sha256-d5zsOdWeHZFP5Pc/QkgsX3UKkVDmcwY8nSJJJszMwVM=",
        "owner": "aylur",
        "repo": "astal",
        "rev": "5baeb660214bcafc9ae0b733a1bc84f5fa6078f4",
        "type": "github"
      },
      "original": {
        "owner": "aylur",
        "repo": "astal",
        "type": "github"
      }
    },
    "astal-niri": {
      "inputs": {
        "nixpkgs": [
          "nixpkgs"
        ]
      },
      "locked": {
        "lastModified": 1760892651,
        "narHash": "sha256-KOYHpJIUgcEn5X0ag5EUPYERGaWBf0Wr/a9ZpxpUGYA=",
        "owner": "sameoldlab",
        "repo": "astal",
        "rev": "0f318484bceee5b02327cbc6be6ea97919cda663",
        "type": "github"
      },
      "original": {
        "owner": "sameoldlab",
        "ref": "feat/niri",
        "repo": "astal",
        "type": "github"
      }
    },
    "nixpkgs": {
      "locked": {
        "lastModified": 1762596750,
        "narHash": "sha256-rXXuz51Bq7DHBlfIjN7jO8Bu3du5TV+3DSADBX7/9YQ=",
        "owner": "nixos",
        "repo": "nixpkgs",
        "rev": "b6a8526db03f735b89dd5ff348f53f752e7ddc8e",
        "type": "github"
      },
      "original": {
        "owner": "nixos",
        "ref": "nixos-unstable",
        "repo": "nixpkgs",
        "type": "github"
      }
    },
    "root": {
      "inputs": {
        "ags": "ags",
        "astal": "astal",
        "astal-niri": "astal-niri",
        "nixpkgs": "nixpkgs"
      }
    }
  },
  "root": "root",
  "version": 7
}
