lockfileVersion: '9.0'

settings:
  autoInstallPeers: true
  excludeLinksFromLockfile: false

importers:

  .:
    dependencies:
      ags:
        specifier: github:Aylur/ags
        version: https://codeload.github.com/Aylur/ags/tar.gz/7d6493656c160bedde29716e3eb391180ad538b1(gnim@https://codeload.github.com/Aylur/gnim/tar.gz/33ed84f2f653256467b99da44a6292ac5e423649)
      gnim:
        specifier: github:Aylur/gnim
        version: https://codeload.github.com/Aylur/gnim/tar.gz/33ed84f2f653256467b99da44a6292ac5e423649
      gnofi:
        specifier: github:Aylur/gnofi
        version: https://codeload.github.com/Aylur/gnofi/tar.gz/8b7a85ae7e6a3fe2ad94f6c8980de7f70d7078f5(fuse.js@7.1.0)(gnim@https://codeload.github.com/Aylur/gnim/tar.gz/33ed84f2f653256467b99da44a6292ac5e423649)

packages:

  ags@https://codeload.github.com/Aylur/ags/tar.gz/7d6493656c160bedde29716e3eb391180ad538b1:
    resolution: {tarball: https://codeload.github.com/Aylur/ags/tar.gz/7d6493656c160bedde29716e3eb391180ad538b1}
    version: 3.0.0
    engines: {gjs: '>=1.79.0'}
    os: [linux]
    peerDependencies:
      gnim: ^1.8.2

  fuse.js@7.1.0:
    resolution: {integrity: sha512-trLf4SzuuUxfusZADLINj+dE8clK1frKdmqiJNb1Es75fmI5oY6X2mxLVUciLLjxqw/xr72Dhy+lER6dGd02FQ==}
    engines: {node: '>=10'}

  gnim@https://codeload.github.com/Aylur/gnim/tar.gz/33ed84f2f653256467b99da44a6292ac5e423649:
    resolution: {tarball: https://codeload.github.com/Aylur/gnim/tar.gz/33ed84f2f653256467b99da44a6292ac5e423649}
    version: 1.8.2
    engines: {gjs: '>=1.79.0'}

  gnofi@https://codeload.github.com/Aylur/gnofi/tar.gz/8b7a85ae7e6a3fe2ad94f6c8980de7f70d7078f5:
    resolution: {tarball: https://codeload.github.com/Aylur/gnofi/tar.gz/8b7a85ae7e6a3fe2ad94f6c8980de7f70d7078f5}
    version: 1.3.1
    engines: {gjs: '>=1.79.0'}
    peerDependencies:
      fuse.js: ^7.1.0
      gnim: ^1.8.0

snapshots:

  ags@https://codeload.github.com/Aylur/ags/tar.gz/7d6493656c160bedde29716e3eb391180ad538b1(gnim@https://codeload.github.com/Aylur/gnim/tar.gz/33ed84f2f653256467b99da44a6292ac5e423649):
    dependencies:
      gnim: https://codeload.github.com/Aylur/gnim/tar.gz/33ed84f2f653256467b99da44a6292ac5e423649

  fuse.js@7.1.0: {}

  gnim@https://codeload.github.com/Aylur/gnim/tar.gz/33ed84f2f653256467b99da44a6292ac5e423649: {}

  gnofi@https://codeload.github.com/Aylur/gnofi/tar.gz/8b7a85ae7e6a3fe2ad94f6c8980de7f70d7078f5(fuse.js@7.1.0)(gnim@https://codeload.github.com/Aylur/gnim/tar.gz/33ed84f2f653256467b99da44a6292ac5e423649):
    dependencies:
      fuse.js: 7.1.0
      gnim: https://codeload.github.com/Aylur/gnim/tar.gz/33ed84f2f653256467b99da44a6292ac5e423649
